<?xml version="1.0" encoding="utf-8"?>
<Project ToolsVersion="4.0" xmlns="http://schemas.microsoft.com/developer/msbuild/2003">
  <ItemGroup>
    <Filter Include="Source Files">
      <UniqueIdentifier>{96b105ad-4803-4826-8677-e7c9c25fd4dc}</UniqueIdentifier>
      <Extensions>cpp;c;cxx;rc;def;r;odl;idl;hpj;bat</Extensions>
    </Filter>
    <Filter Include="Header Files">
      <UniqueIdentifier>{eedb14ae-bff7-4c5d-b157-4694dfff7939}</UniqueIdentifier>
      <Extensions>h;hpp;hxx;hm;inl</Extensions>
    </Filter>
    <Filter Include="Generated Files">
      <UniqueIdentifier>{5d36229c-a855-464c-9896-616b1547130a}</UniqueIdentifier>
      <Extensions>cpp;c;h;hh</Extensions>
    </Filter>
    <Filter Include="IDL Files">
      <UniqueIdentifier>{924603db-c361-4c2c-9e2a-6875c50bdaa7}</UniqueIdentifier>
    </Filter>
  </ItemGroup>
  <ItemGroup>
    <ClCompile Include="CTSM_EAF_EventHandler.cpp">
      <Filter>Source Files</Filter>
    </ClCompile>
    <ClCompile Include="CTSM_EAF_PhaseChangeAction.cpp">
      <Filter>Source Files</Filter>
    </ClCompile>
    <ClCompile Include="CTSM_EAF_SendEventAction.cpp">
      <Filter>Source Files</Filter>
    </ClCompile>
    <ClCompile Include="CTSM_EAF_StateMachineConstructCtrl.cpp">
      <Filter>Source Files</Filter>
    </ClCompile>
    <ClCompile Include="CTSM_EAF_Task.cpp">
      <Filter>Source Files</Filter>
    </ClCompile>
    <ClCompile Include="iData_Provider_dynSK.cpp">
      <Filter>Generated Files</Filter>
    </ClCompile>
    <ClCompile Include="iData_Provider_s.cpp">
      <Filter>Generated Files</Filter>
    </ClCompile>
  </ItemGroup>
  <ItemGroup>
    <ClInclude Include="CTSM_EAF_EventHandler.h">
      <Filter>Header Files</Filter>
    </ClInclude>
    <ClInclude Include="CTSM_EAF_PhaseChangeAction.h">
      <Filter>Header Files</Filter>
    </ClInclude>
    <ClInclude Include="CTSM_EAF_SendEventAction.h">
      <Filter>Header Files</Filter>
    </ClInclude>
    <ClInclude Include="CTSM_EAF_StateMachineConstructCtrl.h">
      <Filter>Header Files</Filter>
    </ClInclude>
    <ClInclude Include="CTSM_EAF_Task.h">
      <Filter>Header Files</Filter>
    </ClInclude>
  </ItemGroup>
  <ItemGroup>
    <CustomBuild Include="..\..\..\Data_Provider\iData_Provider.idl">
      <Filter>IDL Files</Filter>
    </CustomBuild>
  </ItemGroup>
  <ItemGroup>
    <None Include="iData_Provider_s.hh">
      <Filter>Generated Files</Filter>
    </None>
  </ItemGroup>
</Project>