<?xml version="1.0" encoding="utf-8"?>
<Project ToolsVersion="4.0" xmlns="http://schemas.microsoft.com/developer/msbuild/2003">
  <ItemGroup>
    <Filter Include="Source Files">
      <UniqueIdentifier>{4d2309fe-bd9a-422d-a27d-acb1cefcbcea}</UniqueIdentifier>
      <Extensions>cpp;c;cxx;rc;def;r;odl;idl;hpj;bat</Extensions>
    </Filter>
    <Filter Include="Header Files">
      <UniqueIdentifier>{6d311417-23cc-4018-b3fb-4348cb75d896}</UniqueIdentifier>
      <Extensions>h;hpp;hxx;hm;inl;hh</Extensions>
    </Filter>
    <Filter Include="Generated">
      <UniqueIdentifier>{ab480f9a-741a-43ce-aadd-3fad1ce9cf7c}</UniqueIdentifier>
    </Filter>
    <Filter Include="IDL Files">
      <UniqueIdentifier>{7a424462-06c6-487d-8ebf-fe215565e915}</UniqueIdentifier>
    </Filter>
  </ItemGroup>
  <ItemGroup>
    <ClCompile Include="CCCS_EventHandler.cpp">
      <Filter>Source Files</Filter>
    </ClCompile>
    <ClCompile Include="CDH_OUT_Task.cpp">
      <Filter>Source Files</Filter>
    </ClCompile>
    <ClCompile Include="CDH_OUT_Telcom_Impl.cpp">
      <Filter>Source Files</Filter>
    </ClCompile>
    <ClCompile Include="CEAF_EventHandler.cpp">
      <Filter>Source Files</Filter>
    </ClCompile>
    <ClCompile Include="CEventHandlerFactory.cpp">
      <Filter>Source Files</Filter>
    </ClCompile>
    <ClCompile Include="CLab_EventHandler.cpp">
      <Filter>Source Files</Filter>
    </ClCompile>
    <ClCompile Include="CLF_EventHandler.cpp">
      <Filter>Source Files</Filter>
    </ClCompile>
    <ClCompile Include="Telcom_Out_dynSK.cpp">
      <Filter>Generated</Filter>
    </ClCompile>
    <ClCompile Include="Telcom_Out_s.cpp">
      <Filter>Generated</Filter>
    </ClCompile>
    <ClCompile Include="iDH_Interface_dynSK.cpp">
      <Filter>Generated</Filter>
    </ClCompile>
    <ClCompile Include="iDH_Interface_s.cpp">
      <Filter>Generated</Filter>
    </ClCompile>
    <ClCompile Include="iDH_Telcom_dynSK.cpp">
      <Filter>Generated</Filter>
    </ClCompile>
    <ClCompile Include="iDH_Telcom_s.cpp">
      <Filter>Generated</Filter>
    </ClCompile>
    <ClCompile Include="CL3_EventHandler.cpp">
      <Filter>Source Files</Filter>
    </ClCompile>
    <ClCompile Include="CHMD_EventHandler.cpp">
      <Filter>Source Files</Filter>
    </ClCompile>
  </ItemGroup>
  <ItemGroup>
    <ClInclude Include="CCCS_EventHandler.h">
      <Filter>Header Files</Filter>
    </ClInclude>
    <ClInclude Include="CDH_OUT_Task.h">
      <Filter>Header Files</Filter>
    </ClInclude>
    <ClInclude Include="CDH_OUT_Telcom_Impl.h">
      <Filter>Header Files</Filter>
    </ClInclude>
    <ClInclude Include="CEAF_EventHandler.h">
      <Filter>Header Files</Filter>
    </ClInclude>
    <ClInclude Include="CEventHandlerFactory.h">
      <Filter>Header Files</Filter>
    </ClInclude>
    <ClInclude Include="CLab_EventHandler.h">
      <Filter>Header Files</Filter>
    </ClInclude>
    <ClInclude Include="CLF_EventHandler.h">
      <Filter>Header Files</Filter>
    </ClInclude>
    <ClInclude Include="CL3_EventHandler.h">
      <Filter>Header Files</Filter>
    </ClInclude>
    <ClInclude Include="CHMD_EventHandler.h">
      <Filter>Header Files</Filter>
    </ClInclude>
  </ItemGroup>
  <ItemGroup>
    <None Include="Telcom_Out_s.hh">
      <Filter>Generated</Filter>
    </None>
    <None Include="iDH_Interface_s.hh">
      <Filter>Generated</Filter>
    </None>
    <None Include="iDH_Telcom_s.hh">
      <Filter>Generated</Filter>
    </None>
  </ItemGroup>
  <ItemGroup>
    <CustomBuild Include="..\..\DH_Telcom_Interface\Telcom_Out.idl">
      <Filter>IDL Files</Filter>
    </CustomBuild>
    <CustomBuild Include="..\..\DH_Telcom_Interface\iDH_Telcom.idl">
      <Filter>IDL Files</Filter>
    </CustomBuild>
    <CustomBuild Include="..\..\DH_Interface\iDH_Interface.idl">
      <Filter>IDL Files</Filter>
    </CustomBuild>
  </ItemGroup>
</Project>