<?xml version="1.0" encoding="utf-8"?>
<Project ToolsVersion="4.0" xmlns="http://schemas.microsoft.com/developer/msbuild/2003">
  <ItemGroup>
    <Filter Include="Source Files">
      <UniqueIdentifier>{4FC737F1-C7A5-4376-A066-2A32D752A2FF}</UniqueIdentifier>
      <Extensions>cpp;c;cxx;def;odl;idl;hpj;bat;asm;asmx</Extensions>
    </Filter>
    <Filter Include="Header Files">
      <UniqueIdentifier>{93995380-89BD-4b04-88EB-625FBE52EBFB}</UniqueIdentifier>
      <Extensions>hh;h;hpp;hxx;hm;inl;inc;xsd</Extensions>
    </Filter>
    <Filter Include="Resource Files">
      <UniqueIdentifier>{67DA6AB6-F800-4c08-8B7A-83BB121AAD01}</UniqueIdentifier>
      <Extensions>rc;ico;cur;bmp;dlg;rc2;rct;bin;rgs;gif;jpg;jpeg;jpe;resx</Extensions>
    </Filter>
    <Filter Include="Generated">
      <UniqueIdentifier>{ed8bec5b-fb92-4111-b8cc-2b05a8b49755}</UniqueIdentifier>
    </Filter>
    <Filter Include="IDL Files">
      <UniqueIdentifier>{cc42500a-ba6f-411e-96c4-d42ef2723db9}</UniqueIdentifier>
    </Filter>
  </ItemGroup>
  <ItemGroup>
    <ClCompile Include="CEAFAnalysisEventHandler.cpp">
      <Filter>Source Files</Filter>
    </ClCompile>
    <ClCompile Include="CEAFAnalysisHandlingWrapper.cpp">
      <Filter>Source Files</Filter>
    </ClCompile>
    <ClCompile Include="CEAFBasketMaterialHandlingWrapper.cpp">
      <Filter>Source Files</Filter>
    </ClCompile>
    <ClCompile Include="CEAFBurnerWrapper.cpp">
      <Filter>Source Files</Filter>
    </ClCompile>
    <ClCompile Include="CEAFCeloxMeasurementWrapper.cpp">
      <Filter>Source Files</Filter>
    </ClCompile>
    <ClCompile Include="CEAFChangePhysicalMaterialAvailibilityWrapper.cpp">
      <Filter>Source Files</Filter>
    </ClCompile>
    <ClCompile Include="CEAFComputerModeWrapper.cpp">
      <Filter>Source Files</Filter>
    </ClCompile>
    <ClCompile Include="CEAFCyclicMeasurementWrapper.cpp">
      <Filter>Source Files</Filter>
    </ClCompile>
    <ClCompile Include="CEAFDeslaggingWrapper.cpp">
      <Filter>Source Files</Filter>
    </ClCompile>
    <ClCompile Include="CEAFElectricSignalsWrapper.cpp">
      <Filter>Source Files</Filter>
    </ClCompile>
    <ClCompile Include="CEAFEventHandler.cpp">
      <Filter>Source Files</Filter>
    </ClCompile>
    <ClCompile Include="CEAFFeedingMaterialHandlingWrapper.cpp">
      <Filter>Source Files</Filter>
    </ClCompile>
    <ClCompile Include="CEAFInjectionMaterialHandlingWrapper.cpp">
      <Filter>Source Files</Filter>
    </ClCompile>
    <ClCompile Include="CEAFJetModuleWrapper.cpp">
      <Filter>Source Files</Filter>
    </ClCompile>
    <ClCompile Include="CEAFLanceManipWrapper.cpp">
      <Filter>Source Files</Filter>
    </ClCompile>
    <ClCompile Include="CEAFLiquidMaterialsHandlingWrapper.cpp">
      <Filter>Source Files</Filter>
    </ClCompile>
    <ClCompile Include="CEAFManualMaterialBatchWrapper.cpp">
      <Filter>Source Files</Filter>
    </ClCompile>
    <ClCompile Include="CEAFMaterialHandlingEventHandler.cpp">
      <Filter>Source Files</Filter>
    </ClCompile>
    <ClCompile Include="CEAFModelResultWrapper.cpp">
      <Filter>Source Files</Filter>
    </ClCompile>
    <ClCompile Include="CEAFModelTask.cpp">
      <Filter>Source Files</Filter>
    </ClCompile>
    <ClCompile Include="CEAFModelWrapper.cpp">
      <Filter>Source Files</Filter>
    </ClCompile>
    <ClCompile Include="CEAFOxygenMeasurementWrapper.cpp">
      <Filter>Source Files</Filter>
    </ClCompile>
    <ClCompile Include="CEAFOxygenSideLancesWrapper.cpp">
      <Filter>Source Files</Filter>
    </ClCompile>
    <ClCompile Include="CEAFPurposeEventHandler.cpp">
      <Filter>Source Files</Filter>
    </ClCompile>
    <ClCompile Include="CEAFPurposeHandlingWrapper.cpp">
      <Filter>Source Files</Filter>
    </ClCompile>
    <ClCompile Include="CEAFRoofPositionWrapper.cpp">
      <Filter>Source Files</Filter>
    </ClCompile>
    <ClCompile Include="CEAFSignalAndMeasurementEventHandler.cpp">
      <Filter>Source Files</Filter>
    </ClCompile>
    <ClCompile Include="CEAFSolidMaterialHandlingWrapper.cpp">
      <Filter>Source Files</Filter>
    </ClCompile>
    <ClCompile Include="CEAFTappedWeightWrapper.cpp">
      <Filter>Source Files</Filter>
    </ClCompile>
    <ClCompile Include="CEAFTappingLadleWrapper.cpp">
      <Filter>Source Files</Filter>
    </ClCompile>
    <ClCompile Include="CEAFTappingWrapper.cpp">
      <Filter>Source Files</Filter>
    </ClCompile>
    <ClCompile Include="CEAFTemperaturMeasurementWrapper.cpp">
      <Filter>Source Files</Filter>
    </ClCompile>
    <ClCompile Include="CEAFTreatmentManagerDataWrapper.cpp">
      <Filter>Source Files</Filter>
    </ClCompile>
    <ClCompile Include="CEAFTreatmentManagerEventHandler.cpp">
      <Filter>Source Files</Filter>
    </ClCompile>
    <ClCompile Include="iDM_Interface_dynSK.cpp">
      <Filter>Generated</Filter>
    </ClCompile>
    <ClCompile Include="iSMC_DataProvider_s.cpp">
      <Filter>Generated</Filter>
    </ClCompile>
    <ClCompile Include="iSMC_DataProvider_dynSK.cpp">
      <Filter>Generated</Filter>
    </ClCompile>
    <ClCompile Include="iSMC_DataDefinitions_s.cpp">
      <Filter>Generated</Filter>
    </ClCompile>
    <ClCompile Include="iSMC_DataDefinitions_dynSK.cpp">
      <Filter>Generated</Filter>
    </ClCompile>
    <ClCompile Include="iModelResults_s.cpp">
      <Filter>Generated</Filter>
    </ClCompile>
    <ClCompile Include="iModelResults_dynSK.cpp">
      <Filter>Generated</Filter>
    </ClCompile>
    <ClCompile Include="iEventMessages_dynSK.cpp">
      <Filter>Generated</Filter>
    </ClCompile>
    <ClCompile Include="iEventMessages_s.cpp">
      <Filter>Generated</Filter>
    </ClCompile>
    <ClCompile Include="iDM_Interface_s.cpp">
      <Filter>Generated</Filter>
    </ClCompile>
  </ItemGroup>
  <ItemGroup>
    <ClInclude Include="CEAFAnalysisEventHandler.h">
      <Filter>Header Files</Filter>
    </ClInclude>
    <ClInclude Include="CEAFAnalysisHandlingWrapper.h">
      <Filter>Header Files</Filter>
    </ClInclude>
    <ClInclude Include="CEAFBasketMaterialHandlingWrapper.h">
      <Filter>Header Files</Filter>
    </ClInclude>
    <ClInclude Include="CEAFBurnerWrapper.h">
      <Filter>Header Files</Filter>
    </ClInclude>
    <ClInclude Include="CEAFCeloxMeasurementWrapper.h">
      <Filter>Header Files</Filter>
    </ClInclude>
    <ClInclude Include="CEAFChangePhysicalMaterialAvailibilityWrapper.h">
      <Filter>Header Files</Filter>
    </ClInclude>
    <ClInclude Include="CEAFComputerModeWrapper.h">
      <Filter>Header Files</Filter>
    </ClInclude>
    <ClInclude Include="CEAFCyclicMeasurementWrapper.h">
      <Filter>Header Files</Filter>
    </ClInclude>
    <ClInclude Include="CEAFDeslaggingWrapper.h">
      <Filter>Header Files</Filter>
    </ClInclude>
    <ClInclude Include="CEAFElectricSignalsWrapper.h">
      <Filter>Header Files</Filter>
    </ClInclude>
    <ClInclude Include="CEAFEventHandler.h">
      <Filter>Header Files</Filter>
    </ClInclude>
    <ClInclude Include="CEAFFeedingMaterialHandlingWrapper.h">
      <Filter>Header Files</Filter>
    </ClInclude>
    <ClInclude Include="CEAFInjectionMaterialHandlingWrapper.h">
      <Filter>Header Files</Filter>
    </ClInclude>
    <ClInclude Include="CEAFJetModuleWrapper.h">
      <Filter>Header Files</Filter>
    </ClInclude>
    <ClInclude Include="CEAFLanceManipWrapper.h">
      <Filter>Header Files</Filter>
    </ClInclude>
    <ClInclude Include="CEAFLiquidMaterialsHandlingWrapper.h">
      <Filter>Header Files</Filter>
    </ClInclude>
    <ClInclude Include="CEAFManualMaterialBatchWrapper.h">
      <Filter>Header Files</Filter>
    </ClInclude>
    <ClInclude Include="CEAFMaterialHandlingEventHandler.h">
      <Filter>Header Files</Filter>
    </ClInclude>
    <ClInclude Include="CEAFModelResultWrapper.h">
      <Filter>Header Files</Filter>
    </ClInclude>
    <ClInclude Include="CEAFModelTask.h">
      <Filter>Header Files</Filter>
    </ClInclude>
    <ClInclude Include="CEAFModelWrapper.h">
      <Filter>Header Files</Filter>
    </ClInclude>
    <ClInclude Include="CEAFOxygenMeasurementWrapper.h">
      <Filter>Header Files</Filter>
    </ClInclude>
    <ClInclude Include="CEAFOxygenSideLancesWrapper.h">
      <Filter>Header Files</Filter>
    </ClInclude>
    <ClInclude Include="CEAFPurposeEventHandler.h">
      <Filter>Header Files</Filter>
    </ClInclude>
    <ClInclude Include="CEAFPurposeHandlingWrapper.h">
      <Filter>Header Files</Filter>
    </ClInclude>
    <ClInclude Include="CEAFRoofPositionWrapper.h">
      <Filter>Header Files</Filter>
    </ClInclude>
    <ClInclude Include="CEAFSignalAndMeasurementEventHandler.h">
      <Filter>Header Files</Filter>
    </ClInclude>
    <ClInclude Include="CEAFSolidMaterialHandlingWrapper.h">
      <Filter>Header Files</Filter>
    </ClInclude>
    <ClInclude Include="CEAFTappedWeightWrapper.h">
      <Filter>Header Files</Filter>
    </ClInclude>
    <ClInclude Include="CEAFTappingLadleWrapper.h">
      <Filter>Header Files</Filter>
    </ClInclude>
    <ClInclude Include="CEAFTappingWrapper.h">
      <Filter>Header Files</Filter>
    </ClInclude>
    <ClInclude Include="CEAFTemperaturMeasurementWrapper.h">
      <Filter>Header Files</Filter>
    </ClInclude>
    <ClInclude Include="CEAFTreatmentManagerDataWrapper.h">
      <Filter>Header Files</Filter>
    </ClInclude>
    <ClInclude Include="CEAFTreatmentManagerEventHandler.h">
      <Filter>Header Files</Filter>
    </ClInclude>
  </ItemGroup>
  <ItemGroup>
    <CustomBuild Include="..\..\SMC_Frame\iSMC_DataProvider.idl">
      <Filter>IDL Files</Filter>
    </CustomBuild>
    <CustomBuild Include="..\..\SMC_Frame\iSMC_DataDefinitions.idl">
      <Filter>IDL Files</Filter>
    </CustomBuild>
    <CustomBuild Include="..\..\SMC_Frame\iModelResults.idl">
      <Filter>IDL Files</Filter>
    </CustomBuild>
    <CustomBuild Include="..\..\SMC_Frame\iEventMessages.idl">
      <Filter>IDL Files</Filter>
    </CustomBuild>
    <CustomBuild Include="..\..\DM\DM_Interface\iDM_Interface.idl">
      <Filter>IDL Files</Filter>
    </CustomBuild>
  </ItemGroup>
  <ItemGroup>
    <None Include="iSMC_DataProvider_s.hh">
      <Filter>Generated</Filter>
    </None>
    <None Include="iSMC_DataDefinitions_s.hh">
      <Filter>Generated</Filter>
    </None>
    <None Include="iModelResults_s.hh">
      <Filter>Generated</Filter>
    </None>
    <None Include="iEventMessages_s.hh">
      <Filter>Generated</Filter>
    </None>
    <None Include="iDM_Interface_s.hh">
      <Filter>Generated</Filter>
    </None>
  </ItemGroup>
</Project>