<?xml version="1.0" encoding="utf-8"?>
<Project ToolsVersion="4.0" xmlns="http://schemas.microsoft.com/developer/msbuild/2003">
  <ItemGroup>
    <Filter Include="Source Files">
      <UniqueIdentifier>{d70e09ef-6f88-4711-9c99-b46bbe1e346a}</UniqueIdentifier>
      <Extensions>cpp;c;cxx;rc;def;r;odl;idl;hpj;bat</Extensions>
    </Filter>
    <Filter Include="Header Files">
      <UniqueIdentifier>{344a03a5-ef76-4c29-a31c-61220913fbf9}</UniqueIdentifier>
      <Extensions>h;hpp;hxx;hm;inl</Extensions>
    </Filter>
    <Filter Include="Resource Files">
      <UniqueIdentifier>{5cf24579-a09f-4f07-b74c-42a214984ffb}</UniqueIdentifier>
      <Extensions>ico;cur;bmp;dlg;rc2;rct;bin;rgs;gif;jpg;jpeg;jpe</Extensions>
    </Filter>
    <Filter Include="IDL Files">
      <UniqueIdentifier>{fca6377f-50c5-4b57-a402-e10fa53efb0f}</UniqueIdentifier>
    </Filter>
    <Filter Include="Generated">
      <UniqueIdentifier>{e70c5cbf-3a7b-45ec-83fc-9face8d70eb4}</UniqueIdentifier>
    </Filter>
    <Filter Include="INI Files">
      <UniqueIdentifier>{4bbc28a4-c416-42ba-ba08-a9efa1597382}</UniqueIdentifier>
    </Filter>
  </ItemGroup>
  <ItemGroup>
    <ClCompile Include="MainClient.cpp">
      <Filter>Source Files</Filter>
    </ClCompile>
    <ClCompile Include="iCORBA_Interfaces_dynSK.cpp">
      <Filter>Generated</Filter>
    </ClCompile>
    <ClCompile Include="iCORBA_Interfaces_s.cpp">
      <Filter>Generated</Filter>
    </ClCompile>
  </ItemGroup>
  <ItemGroup>
    <None Include="iCORBA_Interfaces_s.hh">
      <Filter>Generated</Filter>
    </None>
    <None Include="CORBA_Interfaces_Client.ini">
      <Filter>INI Files</Filter>
    </None>
  </ItemGroup>
  <ItemGroup>
    <CustomBuild Include="iCORBA_Interfaces.idl">
      <Filter>IDL Files</Filter>
    </CustomBuild>
  </ItemGroup>
</Project>