<?xml version="1.0" encoding="utf-8"?>
<Project ToolsVersion="4.0" xmlns="http://schemas.microsoft.com/developer/msbuild/2003">
  <ItemGroup>
    <Filter Include="Source Files">
      <UniqueIdentifier>{92736786-8695-46ed-b89e-cea88c7c756e}</UniqueIdentifier>
      <Extensions>cpp;c;cxx;rc;def;r;odl;idl;hpj;bat</Extensions>
    </Filter>
    <Filter Include="Header Files">
      <UniqueIdentifier>{5504bd05-17b1-4868-96d6-f48fb68d7421}</UniqueIdentifier>
      <Extensions>h;hpp;hxx;hm;inl</Extensions>
    </Filter>
    <Filter Include="IDL Files">
      <UniqueIdentifier>{86df9e22-7032-48ab-9910-cbf873299458}</UniqueIdentifier>
      <Extensions>idl</Extensions>
    </Filter>
    <Filter Include="Generated Files">
      <UniqueIdentifier>{5a9df4bb-1da9-4459-a7d0-609cd5d124d5}</UniqueIdentifier>
      <Extensions>cpp;c;h;hh</Extensions>
    </Filter>
  </ItemGroup>
  <ItemGroup>
    <ClCompile Include="CTSM_HMD_EventHandler.cpp">
      <Filter>Source Files</Filter>
    </ClCompile>
    <ClCompile Include="CTSM_HMD_PhaseChangeAction.cpp">
      <Filter>Source Files</Filter>
    </ClCompile>
    <ClCompile Include="CTSM_HMD_SendEventAction.cpp">
      <Filter>Source Files</Filter>
    </ClCompile>
    <ClCompile Include="CTSM_HMD_StateMachineConstructCtrl.cpp">
      <Filter>Source Files</Filter>
    </ClCompile>
    <ClCompile Include="CTSM_HMD_Task.cpp">
      <Filter>Source Files</Filter>
    </ClCompile>
    <ClCompile Include="iEventMessages_dynSK.cpp">
      <Filter>Generated Files</Filter>
    </ClCompile>
    <ClCompile Include="iEventMessages_s.cpp">
      <Filter>Generated Files</Filter>
    </ClCompile>
    <ClCompile Include="iSMC_DataDefinitions_dynSK.cpp">
      <Filter>Generated Files</Filter>
    </ClCompile>
    <ClCompile Include="iSMC_DataDefinitions_s.cpp">
      <Filter>Generated Files</Filter>
    </ClCompile>
  </ItemGroup>
  <ItemGroup>
    <ClInclude Include="CTSM_HMD_EventHandler.h">
      <Filter>Header Files</Filter>
    </ClInclude>
    <ClInclude Include="CTSM_HMD_PhaseChangeAction.h">
      <Filter>Header Files</Filter>
    </ClInclude>
    <ClInclude Include="CTSM_HMD_SendEventAction.h">
      <Filter>Header Files</Filter>
    </ClInclude>
    <ClInclude Include="CTSM_HMD_StateMachineConstructCtrl.h">
      <Filter>Header Files</Filter>
    </ClInclude>
    <ClInclude Include="CTSM_HMD_Task.h">
      <Filter>Header Files</Filter>
    </ClInclude>
  </ItemGroup>
  <ItemGroup>
    <None Include="iEventMessages_s.hh">
      <Filter>Generated Files</Filter>
    </None>
    <None Include="iSMC_DataDefinitions_s.hh">
      <Filter>Generated Files</Filter>
    </None>
  </ItemGroup>
  <ItemGroup>
    <CustomBuild Include="..\..\..\SMC_Frame\iEventMessages.idl">
      <Filter>IDL Files</Filter>
    </CustomBuild>
    <CustomBuild Include="..\..\..\SMC_Frame\iSMC_DataDefinitions.idl">
      <Filter>IDL Files</Filter>
    </CustomBuild>
  </ItemGroup>
</Project>