<?xml version="1.0" encoding="utf-8"?>
<Project ToolsVersion="4.0" xmlns="http://schemas.microsoft.com/developer/msbuild/2003">
  <ItemGroup>
    <Filter Include="Source Files">
      <UniqueIdentifier>{39fb0f9d-9f2e-4d70-a626-9160cb58cfef}</UniqueIdentifier>
      <Extensions>cpp;c;cxx;rc;def;r;odl;idl;hpj;bat</Extensions>
    </Filter>
    <Filter Include="Header Files">
      <UniqueIdentifier>{42d40b83-578f-4877-aa1e-5492061a7fda}</UniqueIdentifier>
      <Extensions>h;hpp;hxx;hm;inl;hh</Extensions>
    </Filter>
    <Filter Include="Generated">
      <UniqueIdentifier>{35017de5-6d82-4ff8-89b2-ed375a057945}</UniqueIdentifier>
    </Filter>
    <Filter Include="IDL Files">
      <UniqueIdentifier>{a36ad7ed-6b52-476b-8147-8d4358dac381}</UniqueIdentifier>
    </Filter>
  </ItemGroup>
  <ItemGroup>
    <ClCompile Include="CARCHIVER_AnalysisDataWrapper.cpp">
      <Filter>Source Files</Filter>
    </ClCompile>
    <ClCompile Include="CARCHIVER_ComputerModeWrapper.cpp">
      <Filter>Source Files</Filter>
    </ClCompile>
    <ClCompile Include="CARCHIVER_DelayWrapper.cpp">
      <Filter>Source Files</Filter>
    </ClCompile>
    <ClCompile Include="CARCHIVER_EventHandler.cpp">
      <Filter>Source Files</Filter>
    </ClCompile>
    <ClCompile Include="CARCHIVER_MaterialHandlingWrapper.cpp">
      <Filter>Source Files</Filter>
    </ClCompile>
    <ClCompile Include="CARCHIVER_ModelResultWrapper.cpp">
      <Filter>Source Files</Filter>
    </ClCompile>
    <ClCompile Include="CARCHIVER_PhaseReportingWrapper.cpp">
      <Filter>Source Files</Filter>
    </ClCompile>
    <ClCompile Include="CARCHIVER_SignalsAndMeasurementWrapper.cpp">
      <Filter>Source Files</Filter>
    </ClCompile>
    <ClCompile Include="CARCHIVER_Task.cpp">
      <Filter>Source Files</Filter>
    </ClCompile>
    <ClCompile Include="CARCHIVER_TreatmentWrapper.cpp">
      <Filter>Source Files</Filter>
    </ClCompile>
    <ClCompile Include="CARCHIVER_Wrapper.cpp">
      <Filter>Source Files</Filter>
    </ClCompile>
    <ClCompile Include="iDM_Interface_dynSK.cpp">
      <Filter>Generated</Filter>
    </ClCompile>
    <ClCompile Include="iDM_Interface_s.cpp">
      <Filter>Generated</Filter>
    </ClCompile>
  </ItemGroup>
  <ItemGroup>
    <ClInclude Include="CARCHIVER_AnalysisDataWrapper.h">
      <Filter>Header Files</Filter>
    </ClInclude>
    <ClInclude Include="CARCHIVER_ComputerModeWrapper.h">
      <Filter>Header Files</Filter>
    </ClInclude>
    <ClInclude Include="CARCHIVER_DelayWrapper.h">
      <Filter>Header Files</Filter>
    </ClInclude>
    <ClInclude Include="CARCHIVER_EventHandler.h">
      <Filter>Header Files</Filter>
    </ClInclude>
    <ClInclude Include="CARCHIVER_MaterialHandlingWrapper.h">
      <Filter>Header Files</Filter>
    </ClInclude>
    <ClInclude Include="CARCHIVER_ModelResultWrapper.h">
      <Filter>Header Files</Filter>
    </ClInclude>
    <ClInclude Include="CARCHIVER_PhaseReportingWrapper.h">
      <Filter>Header Files</Filter>
    </ClInclude>
    <ClInclude Include="CARCHIVER_SignalsAndMeasurementWrapper.h">
      <Filter>Header Files</Filter>
    </ClInclude>
    <ClInclude Include="CARCHIVER_Task.h">
      <Filter>Header Files</Filter>
    </ClInclude>
    <ClInclude Include="CARCHIVER_TreatmentWrapper.h">
      <Filter>Header Files</Filter>
    </ClInclude>
    <ClInclude Include="CARCHIVER_Wrapper.h">
      <Filter>Header Files</Filter>
    </ClInclude>
  </ItemGroup>
  <ItemGroup>
    <None Include="iDM_Interface_s.hh">
      <Filter>Generated</Filter>
    </None>
  </ItemGroup>
  <ItemGroup>
    <CustomBuild Include="..\..\DM\DM_Interface\iDM_Interface.idl">
      <Filter>IDL Files</Filter>
    </CustomBuild>
  </ItemGroup>
</Project>