<?xml version="1.0" encoding="utf-8"?>
<Project ToolsVersion="4.0" xmlns="http://schemas.microsoft.com/developer/msbuild/2003">
  <ItemGroup>
    <Filter Include="Source Files">
      <UniqueIdentifier>{b2b8c38f-d705-4127-8896-e42f55e1aae4}</UniqueIdentifier>
      <Extensions>cpp;c;cxx;rc;def;r;odl;idl;hpj;bat</Extensions>
    </Filter>
    <Filter Include="Header Files">
      <UniqueIdentifier>{b85914f2-256b-4486-b53e-8a694e528910}</UniqueIdentifier>
      <Extensions>h;hpp;hxx;hm;inl;hh</Extensions>
    </Filter>
    <Filter Include="IDL Files">
      <UniqueIdentifier>{9c16db53-a8c7-40a0-a738-75bc41ce2a96}</UniqueIdentifier>
    </Filter>
    <Filter Include="Generated">
      <UniqueIdentifier>{67b4165d-ee60-4aeb-abfa-0e81a1f7a11d}</UniqueIdentifier>
    </Filter>
  </ItemGroup>
  <ItemGroup>
    <ClCompile Include="CARCHIVER_HMDAnnouncementPresettings.cpp">
      <Filter>Source Files</Filter>
    </ClCompile>
    <ClCompile Include="CARCHIVER_HMDComputerModeWrapper.cpp">
      <Filter>Source Files</Filter>
    </ClCompile>
    <ClCompile Include="CARCHIVER_HMDEventHandler.cpp">
      <Filter>Source Files</Filter>
    </ClCompile>
    <ClCompile Include="CARCHIVER_HMDMaterialHandlingWrapper.cpp">
      <Filter>Source Files</Filter>
    </ClCompile>
    <ClCompile Include="CARCHIVER_HMDModelResultWrapper.cpp">
      <Filter>Source Files</Filter>
    </ClCompile>
    <ClCompile Include="CARCHIVER_HMDSignalsAndMeasurementWrapper.cpp">
      <Filter>Source Files</Filter>
    </ClCompile>
    <ClCompile Include="CARCHIVER_HMDTask.cpp">
      <Filter>Source Files</Filter>
    </ClCompile>
    <ClCompile Include="CARCHIVER_HMDTreatmentWrapper.cpp">
      <Filter>Source Files</Filter>
    </ClCompile>
    <ClCompile Include="iData_Provider_dynSK.cpp">
      <Filter>Generated</Filter>
    </ClCompile>
    <ClCompile Include="iData_Provider_s.cpp">
      <Filter>Generated</Filter>
    </ClCompile>
    <ClCompile Include="iDM_Interface_dynSK.cpp">
      <Filter>Generated</Filter>
    </ClCompile>
    <ClCompile Include="iDM_Interface_s.cpp">
      <Filter>Generated</Filter>
    </ClCompile>
    <ClCompile Include="iEventMessages_dynSK.cpp">
      <Filter>Generated</Filter>
    </ClCompile>
    <ClCompile Include="iEventMessages_s.cpp">
      <Filter>Generated</Filter>
    </ClCompile>
    <ClCompile Include="iSMC_DataDefinitions_dynSK.cpp">
      <Filter>Generated</Filter>
    </ClCompile>
    <ClCompile Include="iSMC_DataDefinitions_s.cpp">
      <Filter>Generated</Filter>
    </ClCompile>
    <ClCompile Include="iSMC_DataProvider_dynSK.cpp">
      <Filter>Generated</Filter>
    </ClCompile>
    <ClCompile Include="iSMC_DataProvider_s.cpp">
      <Filter>Generated</Filter>
    </ClCompile>
  </ItemGroup>
  <ItemGroup>
    <ClInclude Include="CARCHIVER_HMDAnnouncementPresettings.h">
      <Filter>Header Files</Filter>
    </ClInclude>
    <ClInclude Include="CARCHIVER_HMDComputerModeWrapper.h">
      <Filter>Header Files</Filter>
    </ClInclude>
    <ClInclude Include="CARCHIVER_HMDEventHandler.h">
      <Filter>Header Files</Filter>
    </ClInclude>
    <ClInclude Include="CARCHIVER_HMDMaterialHandlingWrapper.h">
      <Filter>Header Files</Filter>
    </ClInclude>
    <ClInclude Include="CARCHIVER_HMDModelResultWrapper.h">
      <Filter>Header Files</Filter>
    </ClInclude>
    <ClInclude Include="CARCHIVER_HMDSignalsAndMeasurementWrapper.h">
      <Filter>Header Files</Filter>
    </ClInclude>
    <ClInclude Include="CARCHIVER_HMDTask.h">
      <Filter>Header Files</Filter>
    </ClInclude>
    <ClInclude Include="CARCHIVER_HMDTreatmentWrapper.h">
      <Filter>Header Files</Filter>
    </ClInclude>
  </ItemGroup>
  <ItemGroup>
    <None Include="iData_Provider_s.hh">
      <Filter>Generated</Filter>
    </None>
    <None Include="iDM_Interface_s.hh">
      <Filter>Generated</Filter>
    </None>
    <None Include="iEventMessages_s.hh">
      <Filter>Generated</Filter>
    </None>
    <None Include="iSMC_DataDefinitions_s.hh">
      <Filter>Generated</Filter>
    </None>
    <None Include="iSMC_DataProvider_s.hh">
      <Filter>Generated</Filter>
    </None>
  </ItemGroup>
  <ItemGroup>
    <CustomBuild Include="..\..\..\Data_Provider\iData_Provider.idl">
      <Filter>IDL Files</Filter>
    </CustomBuild>
    <CustomBuild Include="..\..\..\DM\DM_Interface\iDM_Interface.idl">
      <Filter>IDL Files</Filter>
    </CustomBuild>
    <CustomBuild Include="..\..\..\SMC_Frame\iEventMessages.idl">
      <Filter>IDL Files</Filter>
    </CustomBuild>
    <CustomBuild Include="..\..\..\SMC_Frame\iSMC_DataDefinitions.idl">
      <Filter>IDL Files</Filter>
    </CustomBuild>
    <CustomBuild Include="..\..\..\SMC_Frame\iSMC_DataProvider.idl">
      <Filter>IDL Files</Filter>
    </CustomBuild>
  </ItemGroup>
</Project>