<?xml version="1.0" encoding="utf-8"?>
<Project ToolsVersion="4.0" xmlns="http://schemas.microsoft.com/developer/msbuild/2003">
  <ItemGroup>
    <Filter Include="Source Files">
      <UniqueIdentifier>{3ab50d29-655a-44c8-9fa0-99d2b4f16feb}</UniqueIdentifier>
      <Extensions>cpp;c;cxx;rc;def;r;odl;idl;hpj;bat</Extensions>
    </Filter>
    <Filter Include="INI Files">
      <UniqueIdentifier>{885aa9d3-0336-499f-aff8-66025f5998b8}</UniqueIdentifier>
    </Filter>
  </ItemGroup>
  <ItemGroup>
    <ClCompile Include="Main.cpp">
      <Filter>Source Files</Filter>
    </ClCompile>
  </ItemGroup>
  <ItemGroup>
    <None Include="..\..\..\..\cfg\ARCHIVER\ARCHIVER_LF_1.ini">
      <Filter>INI Files</Filter>
    </None>
  </ItemGroup>
</Project>