<?xml version="1.0" encoding="utf-8"?>
<Project ToolsVersion="4.0" xmlns="http://schemas.microsoft.com/developer/msbuild/2003">
  <ItemGroup>
    <Filter Include="Source Files">
      <UniqueIdentifier>{13a95ff6-8693-4bff-91d0-39ca6f708918}</UniqueIdentifier>
      <Extensions>cpp;c;cxx;rc;def;r;odl;idl;hpj;bat</Extensions>
    </Filter>
    <Filter Include="Header Files">
      <UniqueIdentifier>{32284c8b-a284-4d6a-bb15-3a231d72fb59}</UniqueIdentifier>
      <Extensions>h;hpp;hxx;hm;inl</Extensions>
    </Filter>
    <Filter Include="Generated">
      <UniqueIdentifier>{94d4c973-0a62-426f-ab13-e5e067f3f6f0}</UniqueIdentifier>
    </Filter>
    <Filter Include="IDL Files">
      <UniqueIdentifier>{4f9d0a86-20df-4f7a-aade-45fa29bcb143}</UniqueIdentifier>
      <Extensions>idl</Extensions>
    </Filter>
  </ItemGroup>
  <ItemGroup>
    <ClCompile Include="CDM_AnalysisEventHandler.cpp">
      <Filter>Source Files</Filter>
    </ClCompile>
    <ClCompile Include="CDM_CyclicTriggerCallHandler.cpp">
      <Filter>Source Files</Filter>
    </ClCompile>
    <ClCompile Include="CDM_CyclicTriggerCallProfile.cpp">
      <Filter>Source Files</Filter>
    </ClCompile>
    <ClCompile Include="CDM_DataInterface_Impl.cpp">
      <Filter>Source Files</Filter>
    </ClCompile>
    <ClCompile Include="CDM_DBManager.cpp">
      <Filter>Source Files</Filter>
    </ClCompile>
    <ClCompile Include="CDM_DBManagerTask.cpp">
      <Filter>Source Files</Filter>
    </ClCompile>
    <ClCompile Include="CDM_EventHandler.cpp">
      <Filter>Source Files</Filter>
    </ClCompile>
    <ClCompile Include="CDM_EventLogHandler.cpp">
      <Filter>Source Files</Filter>
    </ClCompile>
    <ClCompile Include="CDM_EventLogHandlerAdapter.cpp">
      <Filter>Source Files</Filter>
    </ClCompile>
    <ClCompile Include="CDM_EventValidator.cpp">
      <Filter>Source Files</Filter>
    </ClCompile>
    <ClCompile Include="CDM_GasDataHandler.cpp">
      <Filter>Source Files</Filter>
    </ClCompile>
    <ClCompile Include="CDM_PhaseChangeController.cpp">
      <Filter>Source Files</Filter>
    </ClCompile>
    <ClCompile Include="CDM_PlantManagementInterface_Impl.cpp">
      <Filter>Source Files</Filter>
    </ClCompile>
    <ClCompile Include="CDM_PlantManager.cpp">
      <Filter>Source Files</Filter>
    </ClCompile>
    <ClCompile Include="CDM_ProductManagementInterface_Impl.cpp">
      <Filter>Source Files</Filter>
    </ClCompile>
    <ClCompile Include="CDM_ProductManager.cpp">
      <Filter>Source Files</Filter>
    </ClCompile>
    <ClCompile Include="CDM_StatusHandler.cpp">
      <Filter>Source Files</Filter>
    </ClCompile>
    <ClCompile Include="CDM_Task.cpp">
      <Filter>Source Files</Filter>
    </ClCompile>
    <ClCompile Include="CDM_TreatmentManagementEventHandler.cpp">
      <Filter>Source Files</Filter>
    </ClCompile>
    <ClCompile Include="iDM_Interface_dynSK.cpp">
      <Filter>Generated</Filter>
    </ClCompile>
    <ClCompile Include="iDM_Interface_s.cpp">
      <Filter>Generated</Filter>
    </ClCompile>
    <ClCompile Include="iDH_Interface_dynSK.cpp">
      <Filter>Generated</Filter>
    </ClCompile>
    <ClCompile Include="iDH_Interface_s.cpp">
      <Filter>Generated</Filter>
    </ClCompile>
    <ClCompile Include="iModelResults_dynSK.cpp">
      <Filter>Generated</Filter>
    </ClCompile>
    <ClCompile Include="iModelResults_s.cpp">
      <Filter>Generated</Filter>
    </ClCompile>
    <ClCompile Include="CDM_SampleManager.cpp">
      <Filter>Source Files</Filter>
    </ClCompile>
    <ClCompile Include="..\..\SMC_Frame\iEventData_dynSK.cpp">
      <Filter>Generated</Filter>
    </ClCompile>
    <ClCompile Include="..\..\SMC_Frame\iEventData_s.cpp">
      <Filter>Generated</Filter>
    </ClCompile>
  </ItemGroup>
  <ItemGroup>
    <ClInclude Include="CDM_AnalysisEventHandler.h">
      <Filter>Header Files</Filter>
    </ClInclude>
    <ClInclude Include="CDM_CyclicTriggerCallHandler.h">
      <Filter>Header Files</Filter>
    </ClInclude>
    <ClInclude Include="CDM_CyclicTriggerCallProfile.h">
      <Filter>Header Files</Filter>
    </ClInclude>
    <ClInclude Include="CDM_DataInterface_Impl.h">
      <Filter>Header Files</Filter>
    </ClInclude>
    <ClInclude Include="CDM_DBManager.h">
      <Filter>Header Files</Filter>
    </ClInclude>
    <ClInclude Include="CDM_DBManagerTask.h">
      <Filter>Header Files</Filter>
    </ClInclude>
    <ClInclude Include="CDM_EventHandler.h">
      <Filter>Header Files</Filter>
    </ClInclude>
    <ClInclude Include="CDM_EventLogHandler.h">
      <Filter>Header Files</Filter>
    </ClInclude>
    <ClInclude Include="CDM_EventLogHandlerAdapter.h">
      <Filter>Header Files</Filter>
    </ClInclude>
    <ClInclude Include="CDM_EventValidator.h">
      <Filter>Header Files</Filter>
    </ClInclude>
    <ClInclude Include="CDM_GasDataHandler.h">
      <Filter>Header Files</Filter>
    </ClInclude>
    <ClInclude Include="CDM_PhaseChangeController.h">
      <Filter>Header Files</Filter>
    </ClInclude>
    <ClInclude Include="CDM_PlantManagementInterface_Impl.h">
      <Filter>Header Files</Filter>
    </ClInclude>
    <ClInclude Include="CDM_PlantManager.h">
      <Filter>Header Files</Filter>
    </ClInclude>
    <ClInclude Include="CDM_ProductManagementInterface_Impl.h">
      <Filter>Header Files</Filter>
    </ClInclude>
    <ClInclude Include="CDM_ProductManager.h">
      <Filter>Header Files</Filter>
    </ClInclude>
    <ClInclude Include="CDM_StatusHandler.h">
      <Filter>Header Files</Filter>
    </ClInclude>
    <ClInclude Include="CDM_Task.h">
      <Filter>Header Files</Filter>
    </ClInclude>
    <ClInclude Include="CDM_TreatmentManagementEventHandler.h">
      <Filter>Header Files</Filter>
    </ClInclude>
    <ClInclude Include="CDM_SampleManager.h">
      <Filter>Header Files</Filter>
    </ClInclude>
  </ItemGroup>
  <ItemGroup>
    <None Include="iDM_Interface_s.hh">
      <Filter>Generated</Filter>
    </None>
    <None Include="iDH_Interface_s.hh">
      <Filter>Generated</Filter>
    </None>
    <None Include="iModelResults_s.hh">
      <Filter>Generated</Filter>
    </None>
    <None Include="..\..\SMC_Frame\iEventData_s.hh">
      <Filter>Generated</Filter>
    </None>
  </ItemGroup>
  <ItemGroup>
    <CustomBuild Include="..\DM_Interface\iDM_Interface.idl">
      <Filter>IDL Files</Filter>
    </CustomBuild>
    <CustomBuild Include="..\..\SMC_Frame\iModelResults.idl">
      <Filter>IDL Files</Filter>
    </CustomBuild>
    <CustomBuild Include="..\..\DH\DH_Interface\iDH_Interface.idl">
      <Filter>IDL Files</Filter>
    </CustomBuild>
    <CustomBuild Include="..\..\SMC_Frame\iEventData.idl">
      <Filter>IDL Files</Filter>
    </CustomBuild>
  </ItemGroup>
</Project>