<?xml version="1.0" encoding="utf-8"?>
<Project ToolsVersion="4.0" xmlns="http://schemas.microsoft.com/developer/msbuild/2003">
  <ItemGroup>
    <Filter Include="Source Files">
      <UniqueIdentifier>{b942e584-a957-4fbb-947c-44ff48675552}</UniqueIdentifier>
      <Extensions>cpp;c;cxx;rc;def;r;odl;idl;hpj;bat</Extensions>
    </Filter>
    <Filter Include="IDL Files">
      <UniqueIdentifier>{6124aad1-3c18-432b-9e95-f885b51cefe2}</UniqueIdentifier>
      <Extensions>idl</Extensions>
    </Filter>
    <Filter Include="Generated Files">
      <UniqueIdentifier>{10f08a57-a270-4185-a637-ed3e6cf40ec7}</UniqueIdentifier>
      <Extensions>cpp;c;h;hh</Extensions>
    </Filter>
    <Filter Include="Generated Files\Header Files">
      <UniqueIdentifier>{4320a2b8-2e3b-4435-ac29-fcd1b698fd4e}</UniqueIdentifier>
      <Extensions>h;hpp;hxx;hm;inl</Extensions>
    </Filter>
  </ItemGroup>
  <ItemGroup>
    <ClCompile Include="CAnalysisHandlingWrapper.cpp">
      <Filter>Source Files</Filter>
    </ClCompile>
    <ClCompile Include="CCeloxMeasurementWrapper.cpp">
      <Filter>Source Files</Filter>
    </ClCompile>
    <ClCompile Include="CChangePhysicalMaterialAvailibilityWrapper.cpp">
      <Filter>Source Files</Filter>
    </ClCompile>
    <ClCompile Include="CChangeProdPracRecipeControlWrapper.cpp">
      <Filter>Source Files</Filter>
    </ClCompile>
    <ClCompile Include="CCyclicalMaterialChargedDataWrapper.cpp">
      <Filter>Source Files</Filter>
    </ClCompile>
    <ClCompile Include="CCyclicMeasumentCoolWaterDataWrapper.cpp">
      <Filter>Source Files</Filter>
    </ClCompile>
    <ClCompile Include="CCyclicTriggerCall.cpp">
      <Filter>Source Files</Filter>
    </ClCompile>
    <ClCompile Include="CCyclicWasteGasDataWrapper.cpp">
      <Filter>Source Files</Filter>
    </ClCompile>
    <ClCompile Include="CDataConversion.cpp">
      <Filter>Source Files</Filter>
    </ClCompile>
    <ClCompile Include="CDateTime.cpp">
      <Filter>Source Files</Filter>
    </ClCompile>
    <ClCompile Include="CDateTimeFormat.cpp">
      <Filter>Source Files</Filter>
    </ClCompile>
    <ClCompile Include="CDelayedTriggerCall.cpp">
      <Filter>Source Files</Filter>
    </ClCompile>
    <ClCompile Include="CDeltaTime.cpp">
      <Filter>Source Files</Filter>
    </ClCompile>
    <ClCompile Include="CElectricalSignalsWrapper.cpp">
      <Filter>Source Files</Filter>
    </ClCompile>
    <ClCompile Include="CEventHandler.cpp">
      <Filter>Source Files</Filter>
    </ClCompile>
    <ClCompile Include="CEventMessage.cpp">
      <Filter>Source Files</Filter>
    </ClCompile>
    <ClCompile Include="CEventMessageCtrl.cpp">
      <Filter>Source Files</Filter>
    </ClCompile>
    <ClCompile Include="CEventMessageError.cpp">
      <Filter>Source Files</Filter>
    </ClCompile>
    <ClCompile Include="CEventMessageReady.cpp">
      <Filter>Source Files</Filter>
    </ClCompile>
    <ClCompile Include="CFormattedID.cpp">
      <Filter>Source Files</Filter>
    </ClCompile>
    <ClCompile Include="CFormattedIDElement.cpp">
      <Filter>Source Files</Filter>
    </ClCompile>
    <ClCompile Include="CGasDataHandler.cpp">
      <Filter>Source Files</Filter>
    </ClCompile>
    <ClCompile Include="CGasLanceDataHandler.cpp">
      <Filter>Source Files</Filter>
    </ClCompile>
    <ClCompile Include="CHeatID.cpp">
      <Filter>Source Files</Filter>
    </ClCompile>
    <ClCompile Include="CHeatIDCust.cpp">
      <Filter>Source Files</Filter>
    </ClCompile>
    <ClCompile Include="CLiquidMaterialHandlingWrapper.cpp">
      <Filter>Source Files</Filter>
    </ClCompile>
    <ClCompile Include="CManualMaterialBatchWrapper.cpp">
      <Filter>Source Files</Filter>
    </ClCompile>
    <ClCompile Include="CModelEventHandler.cpp">
      <Filter>Source Files</Filter>
    </ClCompile>
    <ClCompile Include="CModelInterfaceData.cpp">
      <Filter>Source Files</Filter>
    </ClCompile>
    <ClCompile Include="CModelInterfaceManager.cpp">
      <Filter>Source Files</Filter>
    </ClCompile>
    <ClCompile Include="CModelResults_Impl.cpp">
      <Filter>Source Files</Filter>
    </ClCompile>
    <ClCompile Include="CModelTask.cpp">
      <Filter>Source Files</Filter>
    </ClCompile>
    <ClCompile Include="CModelWrapper.cpp">
      <Filter>Source Files</Filter>
    </ClCompile>
    <ClCompile Include="CPhaseID.cpp">
      <Filter>Source Files</Filter>
    </ClCompile>
    <ClCompile Include="CProductID.cpp">
      <Filter>Source Files</Filter>
    </ClCompile>
    <ClCompile Include="CPurposeHandlingWrapper.cpp">
      <Filter>Source Files</Filter>
    </ClCompile>
    <ClCompile Include="CRoofPositionWrapper.cpp">
      <Filter>Source Files</Filter>
    </ClCompile>
    <ClCompile Include="CRouteCode.cpp">
      <Filter>Source Files</Filter>
    </ClCompile>
    <ClCompile Include="CSampleCode.cpp">
      <Filter>Source Files</Filter>
    </ClCompile>
    <ClCompile Include="CSMC_AsyncFileLogHandler.cpp">
      <Filter>Source Files</Filter>
    </ClCompile>
    <ClCompile Include="CSMC_DataProvider_Impl.cpp">
      <Filter>Source Files</Filter>
    </ClCompile>
    <ClCompile Include="CSMC_EventValidator.cpp">
      <Filter>Source Files</Filter>
    </ClCompile>
    <ClCompile Include="CSMC_FileLogHandler.cpp">
      <Filter>Source Files</Filter>
    </ClCompile>
    <ClCompile Include="CSMC_FpFile.cpp">
      <Filter>Source Files</Filter>
    </ClCompile>
    <ClCompile Include="CSMC_LogDataFile.cpp">
      <Filter>Source Files</Filter>
    </ClCompile>
    <ClCompile Include="CSMC_LogDataHolder.cpp">
      <Filter>Source Files</Filter>
    </ClCompile>
    <ClCompile Include="CSMC_LogThread.cpp">
      <Filter>Source Files</Filter>
    </ClCompile>
    <ClCompile Include="CSMC_MemoryController.cpp">
      <Filter>Source Files</Filter>
    </ClCompile>
    <ClCompile Include="CSMC_Mutex.cpp">
      <Filter>Source Files</Filter>
    </ClCompile>
    <ClCompile Include="CSMC_MutexHandler.cpp">
      <Filter>Source Files</Filter>
    </ClCompile>
    <ClCompile Include="CSMC_RecipeHandler.cpp">
      <Filter>Source Files</Filter>
    </ClCompile>
    <ClCompile Include="CSMC_RuntimeController.cpp">
      <Filter>Source Files</Filter>
    </ClCompile>
    <ClCompile Include="CSolidMaterialHandlingWrapper.cpp">
      <Filter>Source Files</Filter>
    </ClCompile>
    <ClCompile Include="CStatusHandler.cpp">
      <Filter>Source Files</Filter>
    </ClCompile>
    <ClCompile Include="CStatusHandlerRuleSet.cpp">
      <Filter>Source Files</Filter>
    </ClCompile>
    <ClCompile Include="CStatusHandlerValidator.cpp">
      <Filter>Source Files</Filter>
    </ClCompile>
    <ClCompile Include="CStirringDataHandler.cpp">
      <Filter>Source Files</Filter>
    </ClCompile>
    <ClCompile Include="CTemperaturMeasurementWrapper.cpp">
      <Filter>Source Files</Filter>
    </ClCompile>
    <ClCompile Include="CTimeBase.cpp">
      <Filter>Source Files</Filter>
    </ClCompile>
    <ClCompile Include="CTreatID.cpp">
      <Filter>Source Files</Filter>
    </ClCompile>
    <ClCompile Include="CTreatmentManagerAimDataWrapper.cpp">
      <Filter>Source Files</Filter>
    </ClCompile>
    <ClCompile Include="TinyStr.cpp">
      <Filter>Source Files</Filter>
    </ClCompile>
    <ClCompile Include="TinyXml.cpp">
      <Filter>Source Files</Filter>
    </ClCompile>
    <ClCompile Include="TinyXmlError.cpp">
      <Filter>Source Files</Filter>
    </ClCompile>
    <ClCompile Include="TinyXmlParser.cpp">
      <Filter>Source Files</Filter>
    </ClCompile>
    <ClCompile Include="iEventData_dynSK.cpp">
      <Filter>Generated Files</Filter>
    </ClCompile>
    <ClCompile Include="iEventData_s.cpp">
      <Filter>Generated Files</Filter>
    </ClCompile>
    <ClCompile Include="iEventMessages_dynSK.cpp">
      <Filter>Generated Files</Filter>
    </ClCompile>
    <ClCompile Include="iEventMessages_s.cpp">
      <Filter>Generated Files</Filter>
    </ClCompile>
    <ClCompile Include="iSMC_DataDefinitions_dynSK.cpp">
      <Filter>Generated Files</Filter>
    </ClCompile>
    <ClCompile Include="iSMC_DataDefinitions_s.cpp">
      <Filter>Generated Files</Filter>
    </ClCompile>
    <ClCompile Include="iSMC_DataProvider_dynSK.cpp">
      <Filter>Generated Files</Filter>
    </ClCompile>
    <ClCompile Include="iSMC_DataProvider_s.cpp">
      <Filter>Generated Files</Filter>
    </ClCompile>
    <ClCompile Include="iModelResults_dynSK.cpp">
      <Filter>Generated Files</Filter>
    </ClCompile>
    <ClCompile Include="iModelResults_s.cpp">
      <Filter>Generated Files</Filter>
    </ClCompile>
    <ClCompile Include="CSMC_FrameTask.cpp">
      <Filter>Source Files</Filter>
    </ClCompile>
    <ClCompile Include="CSMC_Error.cpp">
      <Filter>Source Files</Filter>
    </ClCompile>
    <ClCompile Include="CSMC_ErrorHandler.cpp">
      <Filter>Source Files</Filter>
    </ClCompile>
    <ClCompile Include="CTreatIDCust.cpp">
      <Filter>Source Files</Filter>
    </ClCompile>
    <ClCompile Include="iDM_Interface_s.cpp">
      <Filter>Generated Files</Filter>
    </ClCompile>
    <ClCompile Include="iDM_Interface_dynSK.cpp">
      <Filter>Generated Files</Filter>
    </ClCompile>
    <ClCompile Include="iData_Provider_dynSK.cpp">
      <Filter>Generated Files</Filter>
    </ClCompile>
    <ClCompile Include="iData_Provider_s.cpp">
      <Filter>Generated Files</Filter>
    </ClCompile>
    <ClCompile Include="CLadleID.cpp">
      <Filter>Source Files</Filter>
    </ClCompile>
    <ClCompile Include="CInjectDataHandler.cpp">
      <Filter>Source Files</Filter>
    </ClCompile>
    <ClCompile Include="CInjectLanceDataHandler.cpp">
      <Filter>Source Files</Filter>
    </ClCompile>
    <ClCompile Include="CCoolWaterHandler.cpp">
      <Filter>Source Files</Filter>
    </ClCompile>
    <ClCompile Include="CLiquidMaterialHandler.cpp">
      <Filter>Source Files</Filter>
    </ClCompile>
  </ItemGroup>
  <ItemGroup>
    <ClInclude Include="CAnalysisHandlingWrapper.h">
      <Filter>Generated Files\Header Files</Filter>
    </ClInclude>
    <ClInclude Include="CCeloxMeasurementWrapper.h">
      <Filter>Generated Files\Header Files</Filter>
    </ClInclude>
    <ClInclude Include="CChangePhysicalMaterialAvailibilityWrapper.h">
      <Filter>Generated Files\Header Files</Filter>
    </ClInclude>
    <ClInclude Include="CChangeProdPracRecipeControlWrapper.h">
      <Filter>Generated Files\Header Files</Filter>
    </ClInclude>
    <ClInclude Include="CCyclicalMaterialChargedDataWrapper.h">
      <Filter>Generated Files\Header Files</Filter>
    </ClInclude>
    <ClInclude Include="CCyclicMeasumentCoolWaterDataWrapper.h">
      <Filter>Generated Files\Header Files</Filter>
    </ClInclude>
    <ClInclude Include="CCyclicTriggerCall.h">
      <Filter>Generated Files\Header Files</Filter>
    </ClInclude>
    <ClInclude Include="CCyclicWasteGasDataWrapper.h">
      <Filter>Generated Files\Header Files</Filter>
    </ClInclude>
    <ClInclude Include="CDataConversion.h">
      <Filter>Generated Files\Header Files</Filter>
    </ClInclude>
    <ClInclude Include="CDateTime.h">
      <Filter>Generated Files\Header Files</Filter>
    </ClInclude>
    <ClInclude Include="CDateTimeFormat.h">
      <Filter>Generated Files\Header Files</Filter>
    </ClInclude>
    <ClInclude Include="CDelayedTriggerCall.h">
      <Filter>Generated Files\Header Files</Filter>
    </ClInclude>
    <ClInclude Include="CDeltaTime.h">
      <Filter>Generated Files\Header Files</Filter>
    </ClInclude>
    <ClInclude Include="CElectricalSignalsWrapper.h">
      <Filter>Generated Files\Header Files</Filter>
    </ClInclude>
    <ClInclude Include="CEventHandler.h">
      <Filter>Generated Files\Header Files</Filter>
    </ClInclude>
    <ClInclude Include="CEventMessage.h">
      <Filter>Generated Files\Header Files</Filter>
    </ClInclude>
    <ClInclude Include="CEventMessageCtrl.h">
      <Filter>Generated Files\Header Files</Filter>
    </ClInclude>
    <ClInclude Include="CEventMessageError.h">
      <Filter>Generated Files\Header Files</Filter>
    </ClInclude>
    <ClInclude Include="CEventMessageReady.h">
      <Filter>Generated Files\Header Files</Filter>
    </ClInclude>
    <ClInclude Include="CFormattedID.h">
      <Filter>Generated Files\Header Files</Filter>
    </ClInclude>
    <ClInclude Include="CFormattedIDElement.h">
      <Filter>Generated Files\Header Files</Filter>
    </ClInclude>
    <ClInclude Include="CGasDataHandler.h">
      <Filter>Generated Files\Header Files</Filter>
    </ClInclude>
    <ClInclude Include="CGasLanceDataHandler.h">
      <Filter>Generated Files\Header Files</Filter>
    </ClInclude>
    <ClInclude Include="CHeatID.h">
      <Filter>Generated Files\Header Files</Filter>
    </ClInclude>
    <ClInclude Include="CHeatIDCust.h">
      <Filter>Generated Files\Header Files</Filter>
    </ClInclude>
    <ClInclude Include="CLiquidMaterialHandlingWrapper.h">
      <Filter>Generated Files\Header Files</Filter>
    </ClInclude>
    <ClInclude Include="CManualMaterialBatchWrapper.h">
      <Filter>Generated Files\Header Files</Filter>
    </ClInclude>
    <ClInclude Include="CModelEventHandler.h">
      <Filter>Generated Files\Header Files</Filter>
    </ClInclude>
    <ClInclude Include="CModelInterfaceData.h">
      <Filter>Generated Files\Header Files</Filter>
    </ClInclude>
    <ClInclude Include="CModelInterfaceManager.h">
      <Filter>Generated Files\Header Files</Filter>
    </ClInclude>
    <ClInclude Include="CModelResults_Impl.h">
      <Filter>Generated Files\Header Files</Filter>
    </ClInclude>
    <ClInclude Include="CModelTask.h">
      <Filter>Generated Files\Header Files</Filter>
    </ClInclude>
    <ClInclude Include="CModelWrapper.h">
      <Filter>Generated Files\Header Files</Filter>
    </ClInclude>
    <ClInclude Include="CPhaseID.h">
      <Filter>Generated Files\Header Files</Filter>
    </ClInclude>
    <ClInclude Include="CProductID.h">
      <Filter>Generated Files\Header Files</Filter>
    </ClInclude>
    <ClInclude Include="CProxyManager.h">
      <Filter>Generated Files\Header Files</Filter>
    </ClInclude>
    <ClInclude Include="CPurposeHandlingWrapper.h">
      <Filter>Generated Files\Header Files</Filter>
    </ClInclude>
    <ClInclude Include="CRoofPositionWrapper.h">
      <Filter>Generated Files\Header Files</Filter>
    </ClInclude>
    <ClInclude Include="CRouteCode.h">
      <Filter>Generated Files\Header Files</Filter>
    </ClInclude>
    <ClInclude Include="CSampleCode.h">
      <Filter>Generated Files\Header Files</Filter>
    </ClInclude>
    <ClInclude Include="CSMC_AsyncFileLogHandler.h">
      <Filter>Generated Files\Header Files</Filter>
    </ClInclude>
    <ClInclude Include="CSMC_DataProvider_Impl.h">
      <Filter>Generated Files\Header Files</Filter>
    </ClInclude>
    <ClInclude Include="CSMC_EventValidator.h">
      <Filter>Generated Files\Header Files</Filter>
    </ClInclude>
    <ClInclude Include="CSMC_FileLogHandler.h">
      <Filter>Generated Files\Header Files</Filter>
    </ClInclude>
    <ClInclude Include="CSMC_FpFile.h">
      <Filter>Generated Files\Header Files</Filter>
    </ClInclude>
    <ClInclude Include="CSMC_LogDataFile.h">
      <Filter>Generated Files\Header Files</Filter>
    </ClInclude>
    <ClInclude Include="CSMC_LogDataHolder.h">
      <Filter>Generated Files\Header Files</Filter>
    </ClInclude>
    <ClInclude Include="CSMC_LogThread.h">
      <Filter>Generated Files\Header Files</Filter>
    </ClInclude>
    <ClInclude Include="CSMC_MemoryController.h">
      <Filter>Generated Files\Header Files</Filter>
    </ClInclude>
    <ClInclude Include="CSMC_Mutex.h">
      <Filter>Generated Files\Header Files</Filter>
    </ClInclude>
    <ClInclude Include="CSMC_MutexHandler.h">
      <Filter>Generated Files\Header Files</Filter>
    </ClInclude>
    <ClInclude Include="CSMC_RecipeHandler.h">
      <Filter>Generated Files\Header Files</Filter>
    </ClInclude>
    <ClInclude Include="CSMC_RuntimeController.h">
      <Filter>Generated Files\Header Files</Filter>
    </ClInclude>
    <ClInclude Include="CSolidMaterialHandlingWrapper.h">
      <Filter>Generated Files\Header Files</Filter>
    </ClInclude>
    <ClInclude Include="CStatusHandler.h">
      <Filter>Generated Files\Header Files</Filter>
    </ClInclude>
    <ClInclude Include="CStatusHandlerRuleSet.h">
      <Filter>Generated Files\Header Files</Filter>
    </ClInclude>
    <ClInclude Include="CStatusHandlerValidator.h">
      <Filter>Generated Files\Header Files</Filter>
    </ClInclude>
    <ClInclude Include="CStirringDataHandler.h">
      <Filter>Generated Files\Header Files</Filter>
    </ClInclude>
    <ClInclude Include="CTemperaturMeasurementWrapper.h">
      <Filter>Generated Files\Header Files</Filter>
    </ClInclude>
    <ClInclude Include="CTimeBase.h">
      <Filter>Generated Files\Header Files</Filter>
    </ClInclude>
    <ClInclude Include="CTreatID.h">
      <Filter>Generated Files\Header Files</Filter>
    </ClInclude>
    <ClInclude Include="CTreatmentManagerAimDataWrapper.h">
      <Filter>Generated Files\Header Files</Filter>
    </ClInclude>
    <ClInclude Include="SRECIPE.h">
      <Filter>Generated Files\Header Files</Filter>
    </ClInclude>
    <ClInclude Include="TinyStr.h">
      <Filter>Generated Files\Header Files</Filter>
    </ClInclude>
    <ClInclude Include="TinyXml.h">
      <Filter>Generated Files\Header Files</Filter>
    </ClInclude>
    <ClInclude Include="CSMC_FrameTask.h">
      <Filter>Generated Files\Header Files</Filter>
    </ClInclude>
    <ClInclude Include="CSMC_ErrorHandler.h">
      <Filter>Generated Files\Header Files</Filter>
    </ClInclude>
    <ClInclude Include="CSMC_Error.h">
      <Filter>Generated Files\Header Files</Filter>
    </ClInclude>
    <ClInclude Include="CTreatIDCust.h">
      <Filter>Generated Files\Header Files</Filter>
    </ClInclude>
    <ClInclude Include="CLadleID.h">
      <Filter>Generated Files\Header Files</Filter>
    </ClInclude>
    <ClInclude Include="CInjectLanceDataHandler.h">
      <Filter>Generated Files\Header Files</Filter>
    </ClInclude>
    <ClInclude Include="CInjectDataHandler.h">
      <Filter>Generated Files\Header Files</Filter>
    </ClInclude>
    <ClInclude Include="CCoolWaterHandler.h">
      <Filter>Generated Files\Header Files</Filter>
    </ClInclude>
  </ItemGroup>
  <ItemGroup>
    <None Include="iSMC_DataProvider_s.hh">
      <Filter>Generated Files</Filter>
    </None>
    <None Include="iEventData_s.hh">
      <Filter>Generated Files</Filter>
    </None>
    <None Include="iEventMessages_s.hh">
      <Filter>Generated Files</Filter>
    </None>
    <None Include="iSMC_DataDefinitions_s.hh">
      <Filter>Generated Files</Filter>
    </None>
    <None Include="iModelResults_s.hh">
      <Filter>Generated Files</Filter>
    </None>
    <None Include="iDM_Interface_s.hh">
      <Filter>Generated Files</Filter>
    </None>
    <None Include="iData_Provider_s.hh">
      <Filter>Generated Files</Filter>
    </None>
    <None Include="ClassDiagram1.cd" />
  </ItemGroup>
  <ItemGroup>
    <CustomBuild Include="iModelResults.idl">
      <Filter>IDL Files</Filter>
    </CustomBuild>
    <CustomBuild Include="iEventMessages.idl">
      <Filter>IDL Files</Filter>
    </CustomBuild>
    <CustomBuild Include="iEventData.idl">
      <Filter>IDL Files</Filter>
    </CustomBuild>
    <CustomBuild Include="..\DM\DM_Interface\iDM_Interface.idl">
      <Filter>IDL Files</Filter>
    </CustomBuild>
    <CustomBuild Include="..\Data_Provider\iData_Provider.idl">
      <Filter>IDL Files</Filter>
    </CustomBuild>
    <CustomBuild Include="iSMC_DataDefinitions.idl">
      <Filter>IDL Files</Filter>
    </CustomBuild>
    <CustomBuild Include="iSMC_DataProvider.idl">
      <Filter>IDL Files</Filter>
    </CustomBuild>
  </ItemGroup>
</Project>