<?xml version="1.0" encoding="utf-8"?>
<Project ToolsVersion="4.0" xmlns="http://schemas.microsoft.com/developer/msbuild/2003">
  <ItemGroup>
    <Filter Include="Source Files">
      <UniqueIdentifier>{81c6f466-1f0f-4def-a4ef-2ca3bc17f4a1}</UniqueIdentifier>
      <Extensions>cpp;c;cxx;rc;def;r;odl;idl;hpj;bat</Extensions>
    </Filter>
    <Filter Include="Header Files">
      <UniqueIdentifier>{64966dee-45c3-40ab-b3d5-efbb8c9cadc0}</UniqueIdentifier>
      <Extensions>h;hpp;hxx;hm;inl</Extensions>
    </Filter>
    <Filter Include="Generated">
      <UniqueIdentifier>{7d93680c-a4d2-40b7-a833-8086cd5feab8}</UniqueIdentifier>
    </Filter>
    <Filter Include="IDL Files">
      <UniqueIdentifier>{ec114d46-b2b3-475d-aa5d-226c8cfcc035}</UniqueIdentifier>
    </Filter>
  </ItemGroup>
  <ItemGroup>
    <ClCompile Include="CDM_GENAnalysisEventHandler.cpp">
      <Filter>Source Files</Filter>
    </ClCompile>
    <ClCompile Include="CDM_GENCCSEventHandler.cpp">
      <Filter>Source Files</Filter>
    </ClCompile>
    <ClCompile Include="CDM_GENDBManager.cpp">
      <Filter>Source Files</Filter>
    </ClCompile>
    <ClCompile Include="CDM_GENDBManagerTask.cpp">
      <Filter>Source Files</Filter>
    </ClCompile>
    <ClCompile Include="CDM_GENEventHandler.cpp">
      <Filter>Source Files</Filter>
    </ClCompile>
    <ClCompile Include="CDM_GENHMIEventHandler.cpp">
      <Filter>Source Files</Filter>
    </ClCompile>
    <ClCompile Include="CDM_GENL3EventHandler.cpp">
      <Filter>Source Files</Filter>
    </ClCompile>
    <ClCompile Include="CDM_GENModesAndAvailabilitiesEventHandler.cpp">
      <Filter>Source Files</Filter>
    </ClCompile>
    <ClCompile Include="CDM_GENPlantManager.cpp">
      <Filter>Source Files</Filter>
    </ClCompile>
    <ClCompile Include="CDM_GENProductManager.cpp">
      <Filter>Source Files</Filter>
    </ClCompile>
    <ClCompile Include="CDM_GENTask.cpp">
      <Filter>Source Files</Filter>
    </ClCompile>
    <ClCompile Include="CDM_GENTreatmentManagementEventHandler.cpp">
      <Filter>Source Files</Filter>
    </ClCompile>
  </ItemGroup>
  <ItemGroup>
    <ClInclude Include="CDM_GENAnalysisEventHandler.h">
      <Filter>Header Files</Filter>
    </ClInclude>
    <ClInclude Include="CDM_GENCCSEventHandler.h">
      <Filter>Header Files</Filter>
    </ClInclude>
    <ClInclude Include="CDM_GENDBManager.h">
      <Filter>Header Files</Filter>
    </ClInclude>
    <ClInclude Include="CDM_GENDBManagerTask.h">
      <Filter>Header Files</Filter>
    </ClInclude>
    <ClInclude Include="CDM_GENEventHandler.h">
      <Filter>Header Files</Filter>
    </ClInclude>
    <ClInclude Include="CDM_GENHMIEventHandler.h">
      <Filter>Header Files</Filter>
    </ClInclude>
    <ClInclude Include="CDM_GENL3EventHandler.h">
      <Filter>Header Files</Filter>
    </ClInclude>
    <ClInclude Include="CDM_GENModesAndAvailabilitiesEventHandler.h">
      <Filter>Header Files</Filter>
    </ClInclude>
    <ClInclude Include="CDM_GENPlantManager.h">
      <Filter>Header Files</Filter>
    </ClInclude>
    <ClInclude Include="CDM_GENProductManager.h">
      <Filter>Header Files</Filter>
    </ClInclude>
    <ClInclude Include="CDM_GENTask.h">
      <Filter>Header Files</Filter>
    </ClInclude>
    <ClInclude Include="CDM_GENTreatmentManagementEventHandler.h">
      <Filter>Header Files</Filter>
    </ClInclude>
  </ItemGroup>
  <ItemGroup>
    <CustomBuild Include="..\..\..\DH\DH_Interface\iDH_Interface.idl">
      <Filter>IDL Files</Filter>
    </CustomBuild>
  </ItemGroup>
</Project>