<?xml version="1.0" encoding="utf-8"?>
<Project ToolsVersion="4.0" xmlns="http://schemas.microsoft.com/developer/msbuild/2003">
  <ItemGroup>
    <Filter Include="Source Files">
      <UniqueIdentifier>{2366cb25-2503-4daa-82f3-7889db33cd52}</UniqueIdentifier>
      <Extensions>cpp;c;cxx;rc;def;r;odl;idl;hpj;bat</Extensions>
    </Filter>
    <Filter Include="Header Files">
      <UniqueIdentifier>{e5254ae7-00d0-44d4-8d03-3d72202dedb1}</UniqueIdentifier>
      <Extensions>h;hpp;hxx;hm;inl;hh</Extensions>
    </Filter>
    <Filter Include="Generated">
      <UniqueIdentifier>{eb1d16a7-f9d8-472f-a167-2dd122fbff49}</UniqueIdentifier>
    </Filter>
  </ItemGroup>
  <ItemGroup>
    <ClCompile Include="CARCHIVER_LFAnalysisDataWrapper.cpp">
      <Filter>Source Files</Filter>
    </ClCompile>
    <ClCompile Include="CARCHIVER_LFComputerModeWrapper.cpp">
      <Filter>Source Files</Filter>
    </ClCompile>
    <ClCompile Include="CARCHIVER_LFDelayWrapper.cpp">
      <Filter>Source Files</Filter>
    </ClCompile>
    <ClCompile Include="CARCHIVER_LFEventHandler.cpp">
      <Filter>Source Files</Filter>
    </ClCompile>
    <ClCompile Include="CARCHIVER_LFMaterialHandlingWrapper.cpp">
      <Filter>Source Files</Filter>
    </ClCompile>
    <ClCompile Include="CARCHIVER_LFModelResultWrapper.cpp">
      <Filter>Source Files</Filter>
    </ClCompile>
    <ClCompile Include="CARCHIVER_LFSignalsAndMeasurementWrapper.cpp">
      <Filter>Source Files</Filter>
    </ClCompile>
    <ClCompile Include="CARCHIVER_LFTask.cpp">
      <Filter>Source Files</Filter>
    </ClCompile>
    <ClCompile Include="CARCHIVER_LFTreatmentWrapper.cpp">
      <Filter>Source Files</Filter>
    </ClCompile>
  </ItemGroup>
  <ItemGroup>
    <ClInclude Include="CARCHIVER_LFAnalysisDataWrapper.h">
      <Filter>Header Files</Filter>
    </ClInclude>
    <ClInclude Include="CARCHIVER_LFComputerModeWrapper.h">
      <Filter>Header Files</Filter>
    </ClInclude>
    <ClInclude Include="CARCHIVER_LFDelayWrapper.h">
      <Filter>Header Files</Filter>
    </ClInclude>
    <ClInclude Include="CARCHIVER_LFEventHandler.h">
      <Filter>Header Files</Filter>
    </ClInclude>
    <ClInclude Include="CARCHIVER_LFMaterialHandlingWrapper.h">
      <Filter>Header Files</Filter>
    </ClInclude>
    <ClInclude Include="CARCHIVER_LFModelResultWrapper.h">
      <Filter>Header Files</Filter>
    </ClInclude>
    <ClInclude Include="CARCHIVER_LFSignalsAndMeasurementWrapper.h">
      <Filter>Header Files</Filter>
    </ClInclude>
    <ClInclude Include="CARCHIVER_LFTask.h">
      <Filter>Header Files</Filter>
    </ClInclude>
    <ClInclude Include="CARCHIVER_LFTreatmentWrapper.h">
      <Filter>Header Files</Filter>
    </ClInclude>
  </ItemGroup>
</Project>