<?xml version="1.0" encoding="utf-8"?>
<Project ToolsVersion="4.0" xmlns="http://schemas.microsoft.com/developer/msbuild/2003">
  <ItemGroup>
    <Filter Include="Source Files">
      <UniqueIdentifier>{4FC737F1-C7A5-4376-A066-2A32D752A2FF}</UniqueIdentifier>
      <Extensions>cpp;c;cc;cxx;def;odl;idl;hpj;bat;asm;asmx</Extensions>
    </Filter>
    <Filter Include="Header Files">
      <UniqueIdentifier>{93995380-89BD-4b04-88EB-625FBE52EBFB}</UniqueIdentifier>
      <Extensions>h;hpp;hxx;hm;inl;inc;xsd</Extensions>
    </Filter>
    <Filter Include="Generated Files">
      <UniqueIdentifier>{6fe4fb36-ab84-486a-81f4-5e674b0b1263}</UniqueIdentifier>
    </Filter>
  </ItemGroup>
  <ItemGroup>
    <ClCompile Include="AssemblyInfo.cpp">
      <Filter>Source Files</Filter>
    </ClCompile>
    <ClCompile Include="main.cpp">
      <Filter>Source Files</Filter>
    </ClCompile>
    <ClCompile Include="cEmailServer_Comp.cpp">
      <Filter>Source Files</Filter>
    </ClCompile>
    <ClCompile Include="cEmailServer_EventHandlerTask.cpp">
      <Filter>Source Files</Filter>
    </ClCompile>
    <ClCompile Include="cEmailServer_Server.cpp">
      <Filter>Source Files</Filter>
    </ClCompile>
    <ClCompile Include="..\..\SMC_Frame\iEventData_dynSK.cpp">
      <Filter>Generated Files</Filter>
    </ClCompile>
    <ClCompile Include="..\..\SMC_Frame\iEventData_s.cpp">
      <Filter>Generated Files</Filter>
    </ClCompile>
    <ClCompile Include="..\..\SMC_Frame\iEventMessages_dynSK.cpp">
      <Filter>Generated Files</Filter>
    </ClCompile>
    <ClCompile Include="..\..\SMC_Frame\iEventMessages_s.cpp">
      <Filter>Generated Files</Filter>
    </ClCompile>
  </ItemGroup>
  <ItemGroup>
    <None Include="ReadMe.txt" />
    <None Include="..\..\SMC_Frame\iEventData_s.hh">
      <Filter>Generated Files</Filter>
    </None>
    <None Include="..\..\SMC_Frame\iEventMessages_s.hh">
      <Filter>Generated Files</Filter>
    </None>
  </ItemGroup>
  <ItemGroup>
    <ClInclude Include="cEmailServer_Server.h">
      <Filter>Header Files</Filter>
    </ClInclude>
    <ClInclude Include="cEmailServer_Comp.h">
      <Filter>Header Files</Filter>
    </ClInclude>
    <ClInclude Include="cEmailServer_EventHandlerTask.h">
      <Filter>Header Files</Filter>
    </ClInclude>
  </ItemGroup>
</Project>