<?xml version="1.0" encoding="utf-8"?>
<Project ToolsVersion="4.0" xmlns="http://schemas.microsoft.com/developer/msbuild/2003">
  <ItemGroup>
    <Filter Include="Source Files">
      <UniqueIdentifier>{1212c115-1322-4371-952d-6f453d4b6e5a}</UniqueIdentifier>
      <Extensions>cpp;c;cxx;rc;def;r;odl;idl;hpj;bat</Extensions>
    </Filter>
    <Filter Include="Header Files">
      <UniqueIdentifier>{2707b63c-0d69-43be-9102-15623901aebb}</UniqueIdentifier>
      <Extensions>h;hpp;hxx;hm;inl</Extensions>
    </Filter>
    <Filter Include="IDL Files">
      <UniqueIdentifier>{85eda06c-5f33-4a8b-837a-09a2bd11c677}</UniqueIdentifier>
      <Extensions>idl</Extensions>
    </Filter>
    <Filter Include="Generated Files">
      <UniqueIdentifier>{74f75a3f-91f1-49e8-b986-19c2e82569ba}</UniqueIdentifier>
      <Extensions>cpp;c;h;hh</Extensions>
    </Filter>
  </ItemGroup>
  <ItemGroup>
    <ClCompile Include="CTSM_GEN_EventHandler.cpp">
      <Filter>Source Files</Filter>
    </ClCompile>
    <ClCompile Include="CTSM_GEN_HeatTrackingAction.cpp">
      <Filter>Source Files</Filter>
    </ClCompile>
    <ClCompile Include="CTSM_GEN_SendEventAction.cpp">
      <Filter>Source Files</Filter>
    </ClCompile>
    <ClCompile Include="CTSM_GEN_StateMachineConstructCtrl.cpp">
      <Filter>Source Files</Filter>
    </ClCompile>
    <ClCompile Include="CTSM_GEN_Task.cpp">
      <Filter>Source Files</Filter>
    </ClCompile>
    <ClCompile Include="iEventMessages_dynSK.cpp">
      <Filter>Generated Files</Filter>
    </ClCompile>
    <ClCompile Include="iEventMessages_s.cpp">
      <Filter>Generated Files</Filter>
    </ClCompile>
    <ClCompile Include="iSMC_DataDefinitions_dynSK.cpp">
      <Filter>Generated Files</Filter>
    </ClCompile>
    <ClCompile Include="iSMC_DataDefinitions_s.cpp">
      <Filter>Generated Files</Filter>
    </ClCompile>
  </ItemGroup>
  <ItemGroup>
    <ClInclude Include="CTSM_GEN_EventHandler.h">
      <Filter>Header Files</Filter>
    </ClInclude>
    <ClInclude Include="CTSM_GEN_HeatTrackingAction.h">
      <Filter>Header Files</Filter>
    </ClInclude>
    <ClInclude Include="CTSM_GEN_SendEventAction.h">
      <Filter>Header Files</Filter>
    </ClInclude>
    <ClInclude Include="CTSM_GEN_StateMachineConstructCtrl.h">
      <Filter>Header Files</Filter>
    </ClInclude>
    <ClInclude Include="CTSM_GEN_Task.h">
      <Filter>Header Files</Filter>
    </ClInclude>
  </ItemGroup>
  <ItemGroup>
    <None Include="iEventMessages_s.hh">
      <Filter>Generated Files</Filter>
    </None>
    <None Include="iSMC_DataDefinitions_s.hh">
      <Filter>Generated Files</Filter>
    </None>
  </ItemGroup>
  <ItemGroup>
    <CustomBuild Include="..\..\..\SMC_Frame\iEventMessages.idl">
      <Filter>IDL Files</Filter>
    </CustomBuild>
    <CustomBuild Include="..\..\..\SMC_Frame\iSMC_DataDefinitions.idl">
      <Filter>IDL Files</Filter>
    </CustomBuild>
  </ItemGroup>
</Project>