<?xml version="1.0" encoding="utf-8"?>
<Project ToolsVersion="4.0" xmlns="http://schemas.microsoft.com/developer/msbuild/2003">
  <ItemGroup>
    <Filter Include="Source Files">
      <UniqueIdentifier>{709e94af-1e99-4be9-a3f7-2387895262d7}</UniqueIdentifier>
      <Extensions>cpp;c;cxx;rc;def;r;odl;idl;hpj;bat</Extensions>
    </Filter>
    <Filter Include="Header Files">
      <UniqueIdentifier>{22589e96-6cf8-4841-a603-4f16c66951aa}</UniqueIdentifier>
      <Extensions>h;hpp;hxx;hm;inl</Extensions>
    </Filter>
    <Filter Include="Generated">
      <UniqueIdentifier>{d2f42233-b7d1-48e6-8d65-77a451adb932}</UniqueIdentifier>
    </Filter>
  </ItemGroup>
  <ItemGroup>
    <ClCompile Include="CDM_LFAnalysisEventHandler.cpp">
      <Filter>Source Files</Filter>
    </ClCompile>
    <ClCompile Include="CDM_LFDBManager.cpp">
      <Filter>Source Files</Filter>
    </ClCompile>
    <ClCompile Include="CDM_LFDBManagerTask.cpp">
      <Filter>Source Files</Filter>
    </ClCompile>
    <ClCompile Include="CDM_LFEventHandler.cpp">
      <Filter>Source Files</Filter>
    </ClCompile>
    <ClCompile Include="CDM_LFEventLogHandler.cpp">
      <Filter>Source Files</Filter>
    </ClCompile>
    <ClCompile Include="CDM_LFEventLogHandlerAnalysis.cpp">
      <Filter>Source Files</Filter>
    </ClCompile>
    <ClCompile Include="CDM_LFEventLogHandlerMaterial.cpp">
      <Filter>Source Files</Filter>
    </ClCompile>
    <ClCompile Include="CDM_LFEventLogHandlerModelResults.cpp">
      <Filter>Source Files</Filter>
    </ClCompile>
    <ClCompile Include="CDM_LFEventLogHandlerModesAndAvailabilities.cpp">
      <Filter>Source Files</Filter>
    </ClCompile>
    <ClCompile Include="CDM_LFEventLogHandlerPurpose.cpp">
      <Filter>Source Files</Filter>
    </ClCompile>
    <ClCompile Include="CDM_LFEventLogHandlerSignalsAndMeasurements.cpp">
      <Filter>Source Files</Filter>
    </ClCompile>
    <ClCompile Include="CDM_LFEventLogHandlerTreatmentManagement.cpp">
      <Filter>Source Files</Filter>
    </ClCompile>
    <ClCompile Include="CDM_LFMaterialEventHandler.cpp">
      <Filter>Source Files</Filter>
    </ClCompile>
    <ClCompile Include="CDM_LFModelResultEventHandler.cpp">
      <Filter>Source Files</Filter>
    </ClCompile>
    <ClCompile Include="CDM_LFModesAndAvailabilitiesEventHandler.cpp">
      <Filter>Source Files</Filter>
    </ClCompile>
    <ClCompile Include="CDM_LFPhaseChangeController.cpp">
      <Filter>Source Files</Filter>
    </ClCompile>
    <ClCompile Include="CDM_LFPlantManager.cpp">
      <Filter>Source Files</Filter>
    </ClCompile>
    <ClCompile Include="CDM_LFProductManager.cpp">
      <Filter>Source Files</Filter>
    </ClCompile>
    <ClCompile Include="CDM_LFPurposeEventHandler.cpp">
      <Filter>Source Files</Filter>
    </ClCompile>
    <ClCompile Include="CDM_LFSignalsAndMeasurementsEventHandler.cpp">
      <Filter>Source Files</Filter>
    </ClCompile>
    <ClCompile Include="CDM_LFTask.cpp">
      <Filter>Source Files</Filter>
    </ClCompile>
    <ClCompile Include="CDM_LFTreatmentManagementEventHandler.cpp">
      <Filter>Source Files</Filter>
    </ClCompile>
  </ItemGroup>
  <ItemGroup>
    <ClInclude Include="CDM_LFAnalysisEventHandler.h">
      <Filter>Header Files</Filter>
    </ClInclude>
    <ClInclude Include="CDM_LFDBManager.h">
      <Filter>Header Files</Filter>
    </ClInclude>
    <ClInclude Include="CDM_LFDBManagerTask.h">
      <Filter>Header Files</Filter>
    </ClInclude>
    <ClInclude Include="CDM_LFEventHandler.h">
      <Filter>Header Files</Filter>
    </ClInclude>
    <ClInclude Include="CDM_LFEventLogHandler.h">
      <Filter>Header Files</Filter>
    </ClInclude>
    <ClInclude Include="CDM_LFEventLogHandlerAnalysis.h">
      <Filter>Header Files</Filter>
    </ClInclude>
    <ClInclude Include="CDM_LFEventLogHandlerMaterial.h">
      <Filter>Header Files</Filter>
    </ClInclude>
    <ClInclude Include="CDM_LFEventLogHandlerModelResults.h">
      <Filter>Header Files</Filter>
    </ClInclude>
    <ClInclude Include="CDM_LFEventLogHandlerModesAndAvailabilities.h">
      <Filter>Header Files</Filter>
    </ClInclude>
    <ClInclude Include="CDM_LFEventLogHandlerPurpose.h">
      <Filter>Header Files</Filter>
    </ClInclude>
    <ClInclude Include="CDM_LFEventLogHandlerSignalsAndMeasurements.h">
      <Filter>Header Files</Filter>
    </ClInclude>
    <ClInclude Include="CDM_LFEventLogHandlerTreatmentManagement.h">
      <Filter>Header Files</Filter>
    </ClInclude>
    <ClInclude Include="CDM_LFMaterialEventHandler.h">
      <Filter>Header Files</Filter>
    </ClInclude>
    <ClInclude Include="CDM_LFModelResultEventHandler.h">
      <Filter>Header Files</Filter>
    </ClInclude>
    <ClInclude Include="CDM_LFModesAndAvailabilitiesEventHandler.h">
      <Filter>Header Files</Filter>
    </ClInclude>
    <ClInclude Include="CDM_LFPhaseChangeController.h">
      <Filter>Header Files</Filter>
    </ClInclude>
    <ClInclude Include="CDM_LFPlantManager.h">
      <Filter>Header Files</Filter>
    </ClInclude>
    <ClInclude Include="CDM_LFProductManager.h">
      <Filter>Header Files</Filter>
    </ClInclude>
    <ClInclude Include="CDM_LFPurposeEventHandler.h">
      <Filter>Header Files</Filter>
    </ClInclude>
    <ClInclude Include="CDM_LFSignalsAndMeasurementsEventHandler.h">
      <Filter>Header Files</Filter>
    </ClInclude>
    <ClInclude Include="CDM_LFTask.h">
      <Filter>Header Files</Filter>
    </ClInclude>
    <ClInclude Include="CDM_LFTreatmentManagementEventHandler.h">
      <Filter>Header Files</Filter>
    </ClInclude>
  </ItemGroup>
</Project>